
Microsoft Visual Studio Solution File, Format Version 12.00
# Visual Studio Version 17
VisualStudioVersion = 17.6.33829.357
MinimumVisualStudioVersion = 10.0.40219.1
Project("{9A19103F-16F7-4668-BE54-9A1E7A4F7556}") = "Catalog.API", "Services\Catalog\Catalog.API\Catalog.API.csproj", "{4BB66E99-8D50-4B61-B7F6-2B9AB40F2949}"
EndProject
Project("{E53339B2-1760-4266-BCC7-CA923CBCF16C}") = "docker-compose", "docker-compose.dcproj", "{8770FABF-CA0D-4C35-8BB3-7A56BD5BBF58}"
EndProject
Project("{9A19103F-16F7-4668-BE54-9A1E7A4F7556}") = "Basket.API", "Services\Catalog\Basket.API\Basket.API.csproj", "{C0EAE93E-4DC3-4E08-8F1A-BFB3FC030320}"
EndProject
Project("{2150E333-8FDC-42A3-9474-1A3956D46DE8}") = "Solution Items", "Solution Items", "{BECC9158-0802-4D2A-B6E1-09301DA8BED8}"
	ProjectSection(SolutionItems) = preProject
		start-services.cmd = start-services.cmd
		start-services.sh = start-services.sh
		stop-service.cmd = stop-service.cmd
		stop-service.sh = stop-service.sh
	EndProjectSection
EndProject
Project("{9A19103F-16F7-4668-BE54-9A1E7A4F7556}") = "Discount.API", "Services\Discount\Discount.API\Discount.API.csproj", "{920D66F7-CB39-4666-BB04-22C9083E06FC}"
EndProject
Project("{FAE04EC0-301F-11D3-BF4B-00C04F79EFBC}") = "Discount.Grpc", "Services\Discount\Discount.Grpc\Discount.Grpc.csproj", "{54ED24F2-C08F-49D8-9B00-C1C505AF299E}"
EndProject
Project("{2150E333-8FDC-42A3-9474-1A3956D46DE8}") = "Discount", "Discount", "{0A2E248C-76F5-4D4C-99DA-12E8917478B2}"
EndProject
Project("{2150E333-8FDC-42A3-9474-1A3956D46DE8}") = "Basket", "Basket", "{146E7B4B-5150-4A4E-8D0B-9B40232BA4B0}"
EndProject
Project("{2150E333-8FDC-42A3-9474-1A3956D46DE8}") = "Catalog", "Catalog", "{2D78499A-ABD4-43A4-9A45-572DA1BAB2B6}"
EndProject
Global
	GlobalSection(SolutionConfigurationPlatforms) = preSolution
		Debug|Any CPU = Debug|Any CPU
		Release|Any CPU = Release|Any CPU
	EndGlobalSection
	GlobalSection(ProjectConfigurationPlatforms) = postSolution
		{4BB66E99-8D50-4B61-B7F6-2B9AB40F2949}.Debug|Any CPU.ActiveCfg = Debug|Any CPU
		{4BB66E99-8D50-4B61-B7F6-2B9AB40F2949}.Debug|Any CPU.Build.0 = Debug|Any CPU
		{4BB66E99-8D50-4B61-B7F6-2B9AB40F2949}.Release|Any CPU.ActiveCfg = Release|Any CPU
		{4BB66E99-8D50-4B61-B7F6-2B9AB40F2949}.Release|Any CPU.Build.0 = Release|Any CPU
		{8770FABF-CA0D-4C35-8BB3-7A56BD5BBF58}.Debug|Any CPU.ActiveCfg = Debug|Any CPU
		{8770FABF-CA0D-4C35-8BB3-7A56BD5BBF58}.Debug|Any CPU.Build.0 = Debug|Any CPU
		{8770FABF-CA0D-4C35-8BB3-7A56BD5BBF58}.Release|Any CPU.ActiveCfg = Release|Any CPU
		{8770FABF-CA0D-4C35-8BB3-7A56BD5BBF58}.Release|Any CPU.Build.0 = Release|Any CPU
		{C0EAE93E-4DC3-4E08-8F1A-BFB3FC030320}.Debug|Any CPU.ActiveCfg = Debug|Any CPU
		{C0EAE93E-4DC3-4E08-8F1A-BFB3FC030320}.Debug|Any CPU.Build.0 = Debug|Any CPU
		{C0EAE93E-4DC3-4E08-8F1A-BFB3FC030320}.Release|Any CPU.ActiveCfg = Release|Any CPU
		{C0EAE93E-4DC3-4E08-8F1A-BFB3FC030320}.Release|Any CPU.Build.0 = Release|Any CPU
		{920D66F7-CB39-4666-BB04-22C9083E06FC}.Debug|Any CPU.ActiveCfg = Debug|Any CPU
		{920D66F7-CB39-4666-BB04-22C9083E06FC}.Debug|Any CPU.Build.0 = Debug|Any CPU
		{920D66F7-CB39-4666-BB04-22C9083E06FC}.Release|Any CPU.ActiveCfg = Release|Any CPU
		{920D66F7-CB39-4666-BB04-22C9083E06FC}.Release|Any CPU.Build.0 = Release|Any CPU
		{54ED24F2-C08F-49D8-9B00-C1C505AF299E}.Debug|Any CPU.ActiveCfg = Debug|Any CPU
		{54ED24F2-C08F-49D8-9B00-C1C505AF299E}.Debug|Any CPU.Build.0 = Debug|Any CPU
		{54ED24F2-C08F-49D8-9B00-C1C505AF299E}.Release|Any CPU.ActiveCfg = Release|Any CPU
		{54ED24F2-C08F-49D8-9B00-C1C505AF299E}.Release|Any CPU.Build.0 = Release|Any CPU
	EndGlobalSection
	GlobalSection(SolutionProperties) = preSolution
		HideSolutionNode = FALSE
	EndGlobalSection
	GlobalSection(NestedProjects) = preSolution
		{4BB66E99-8D50-4B61-B7F6-2B9AB40F2949} = {2D78499A-ABD4-43A4-9A45-572DA1BAB2B6}
		{C0EAE93E-4DC3-4E08-8F1A-BFB3FC030320} = {146E7B4B-5150-4A4E-8D0B-9B40232BA4B0}
		{920D66F7-CB39-4666-BB04-22C9083E06FC} = {0A2E248C-76F5-4D4C-99DA-12E8917478B2}
		{54ED24F2-C08F-49D8-9B00-C1C505AF299E} = {0A2E248C-76F5-4D4C-99DA-12E8917478B2}
	EndGlobalSection
	GlobalSection(ExtensibilityGlobals) = postSolution
		SolutionGuid = {48313EB3-1EC2-4599-8A42-4ABEA908F8F5}
	EndGlobalSection
EndGlobal
